
Microsoft Visual Studio Solution File, Format Version 12.00
# Visual Studio Version 17
VisualStudioVersion = 17.0.31912.275
MinimumVisualStudioVersion = 10.0.40219.1
Project("{FAE04EC0-301F-11D3-BF4B-00C04F79EFBC}") = "Encryption-Decryption", "Encryption-Decryption\Encryption-Decryption.csproj", "{F38F9F70-B4DA-4540-A53A-01DACD9B5635}"
EndProject
Global
	GlobalSection(SolutionConfigurationPlatforms) = preSolution
		Debug|Any CPU = Debug|Any CPU
		Release|Any CPU = Release|Any CPU
	EndGlobalSection
	GlobalSection(ProjectConfigurationPlatforms) = postSolution
		{F38F9F70-B4DA-4540-A53A-01DACD9B5635}.Debug|Any CPU.ActiveCfg = Debug|Any CPU
		{F38F9F70-B4DA-4540-A53A-01DACD9B5635}.Debug|Any CPU.Build.0 = Debug|Any CPU
		{F38F9F70-B4DA-4540-A53A-01DACD9B5635}.Release|Any CPU.ActiveCfg = Release|Any CPU
		{F38F9F70-B4DA-4540-A53A-01DACD9B5635}.Release|Any CPU.Build.0 = Release|Any CPU
	EndGlobalSection
	GlobalSection(SolutionProperties) = preSolution
		HideSolutionNode = FALSE
	EndGlobalSection
	GlobalSection(ExtensibilityGlobals) = postSolution
		SolutionGuid = {38F95975-BA43-4247-B2FC-9B438272C5ED}
	EndGlobalSection
EndGlobal
